<Solution>
  <Folder Name="/src/">
    <Project Path="src/Remote.Application/Remote.Application.csproj" />
    <Project Path="src/Remote.Desktop/Remote.Desktop.csproj" />
    <Project Path="src/Remote.Protocols/Remote.Protocols.csproj" />
  </Folder>
  <Folder Name="/tests/">
    <Project Path="tests/Remote.Application.Tests/Remote.Application.Tests.csproj" />
  </Folder>
</Solution>
